
Microsoft Visual Studio Solution File, Format Version 12.00
# Visual Studio 15
VisualStudioVersion = 15.0.27703.2035
MinimumVisualStudioVersion = 10.0.40219.1
Project("{FAE04EC0-301F-11D3-BF4B-00C04F79EFBC}") = "TurTul", "TurTul\TurTul.csproj", "{317B5254-75B6-424C-AFA9-7844E9FFFA02}"
EndProject
Global
	GlobalSection(SolutionConfigurationPlatforms) = preSolution
		Debug|Any CPU = Debug|Any CPU
		Release|Any CPU = Release|Any CPU
	EndGlobalSection
	GlobalSection(ProjectConfigurationPlatforms) = postSolution
		{317B5254-75B6-424C-AFA9-7844E9FFFA02}.Debug|Any CPU.ActiveCfg = Debug|Any CPU
		{317B5254-75B6-424C-AFA9-7844E9FFFA02}.Debug|Any CPU.Build.0 = Debug|Any CPU
		{317B5254-75B6-424C-AFA9-7844E9FFFA02}.Release|Any CPU.ActiveCfg = Release|Any CPU
		{317B5254-75B6-424C-AFA9-7844E9FFFA02}.Release|Any CPU.Build.0 = Release|Any CPU
	EndGlobalSection
	GlobalSection(SolutionProperties) = preSolution
		HideSolutionNode = FALSE
	EndGlobalSection
	GlobalSection(ExtensibilityGlobals) = postSolution
		SolutionGuid = {62D4C1FA-0A97-4E10-9E4D-FE0B2F402B5A}
	EndGlobalSection
EndGlobal
